
Microsoft Visual Studio Solution File, Format Version 12.00
# Visual Studio Version 17
VisualStudioVersion = 17.8.34525.116
MinimumVisualStudioVersion = 10.0.40219.1
Project("{FAE04EC0-301F-11D3-BF4B-00C04F79EFBC}") = "ApiEmpleados", "ApiEmpleados\ApiEmpleados.csproj", "{BBD81904-731D-4350-8F81-C16AFD3E220C}"
EndProject
Global
	GlobalSection(SolutionConfigurationPlatforms) = preSolution
		Debug|Any CPU = Debug|Any CPU
		Release|Any CPU = Release|Any CPU
	EndGlobalSection
	GlobalSection(ProjectConfigurationPlatforms) = postSolution
		{BBD81904-731D-4350-8F81-C16AFD3E220C}.Debug|Any CPU.ActiveCfg = Debug|Any CPU
		{BBD81904-731D-4350-8F81-C16AFD3E220C}.Debug|Any CPU.Build.0 = Debug|Any CPU
		{BBD81904-731D-4350-8F81-C16AFD3E220C}.Release|Any CPU.ActiveCfg = Release|Any CPU
		{BBD81904-731D-4350-8F81-C16AFD3E220C}.Release|Any CPU.Build.0 = Release|Any CPU
	EndGlobalSection
	GlobalSection(SolutionProperties) = preSolution
		HideSolutionNode = FALSE
	EndGlobalSection
	GlobalSection(ExtensibilityGlobals) = postSolution
		SolutionGuid = {C1908E87-F95D-428F-A80D-4CDBB0DF5FCD}
	EndGlobalSection
EndGlobal
